{
  "object": {
    "pins": [
      {
        "package": "ElementKit",
        "repositoryURL": "https://github.com/Mostafa-Davoodi/ElementKit",
        "state": {
          "branch": null,
          "revision": "19d0bf137548e68f282cc9bfc1519db28871346a",
          "version": "1.0.0"
        }
      }
    ]
  },
  "version": 1
}
